
Microsoft Visual Studio Solution File, Format Version 12.00
# Visual Studio 14
VisualStudioVersion = 14.0.25420.1
MinimumVisualStudioVersion = 10.0.40219.1
Project("{FAE04EC0-301F-11D3-BF4B-00C04F79EFBC}") = "Aquarium", "Aquarium\Aquarium.csproj", "{B9C6A091-B9A4-401D-813C-A8FD86B86261}"
EndProject
Global
	GlobalSection(SolutionConfigurationPlatforms) = preSolution
		Debug|Any CPU = Debug|Any CPU
		Release|Any CPU = Release|Any CPU
	EndGlobalSection
	GlobalSection(ProjectConfigurationPlatforms) = postSolution
		{B9C6A091-B9A4-401D-813C-A8FD86B86261}.Debug|Any CPU.ActiveCfg = Debug|Any CPU
		{B9C6A091-B9A4-401D-813C-A8FD86B86261}.Debug|Any CPU.Build.0 = Debug|Any CPU
		{B9C6A091-B9A4-401D-813C-A8FD86B86261}.Release|Any CPU.ActiveCfg = Release|Any CPU
		{B9C6A091-B9A4-401D-813C-A8FD86B86261}.Release|Any CPU.Build.0 = Release|Any CPU
	EndGlobalSection
	GlobalSection(SolutionProperties) = preSolution
		HideSolutionNode = FALSE
	EndGlobalSection
EndGlobal
